
Microsoft Visual Studio Solution File, Format Version 12.00
# Visual Studio Version 16
VisualStudioVersion = 16.0.31729.503
MinimumVisualStudioVersion = 10.0.40219.1
Project("{FAE04EC0-301F-11D3-BF4B-00C04F79EFBC}") = "ExCreatTagHelper", "ExCreatTagHelper\ExCreatTagHelper.csproj", "{B7A3701F-0ADE-4605-9E4D-4308EFA35F6E}"
EndProject
Global
	GlobalSection(SolutionConfigurationPlatforms) = preSolution
		Debug|Any CPU = Debug|Any CPU
		Release|Any CPU = Release|Any CPU
	EndGlobalSection
	GlobalSection(ProjectConfigurationPlatforms) = postSolution
		{B7A3701F-0ADE-4605-9E4D-4308EFA35F6E}.Debug|Any CPU.ActiveCfg = Debug|Any CPU
		{B7A3701F-0ADE-4605-9E4D-4308EFA35F6E}.Debug|Any CPU.Build.0 = Debug|Any CPU
		{B7A3701F-0ADE-4605-9E4D-4308EFA35F6E}.Release|Any CPU.ActiveCfg = Release|Any CPU
		{B7A3701F-0ADE-4605-9E4D-4308EFA35F6E}.Release|Any CPU.Build.0 = Release|Any CPU
	EndGlobalSection
	GlobalSection(SolutionProperties) = preSolution
		HideSolutionNode = FALSE
	EndGlobalSection
	GlobalSection(ExtensibilityGlobals) = postSolution
		SolutionGuid = {E95E67F3-770B-4305-B75F-842C652D40AC}
	EndGlobalSection
EndGlobal
